# THIS IS AN AUTOGENERATED FILE. DO NOT EDIT THIS FILE DIRECTLY.
# yarn lockfile v1


"@cspotcode/source-map-support@^0.8.0":
  version "0.8.1"
  resolved "https://registry.yarnpkg.com/@cspotcode/source-map-support/-/source-map-support-0.8.1.tgz#00629c35a688e05a88b1cda684fb9d5e73f000a1"
  integrity sha512-IchNf6dN4tHoMFIn/7OE8LWZ19Y6q/67Bmf6vnGREv8RSbBVb9LPJxEcnwrcwX6ixSvaiGoomAUvu4YSxXrVgw==
  dependencies:
    "@jridgewell/trace-mapping" "0.3.9"

"@envelop/core@^5.0.1":
  version "5.0.2"
  resolved "https://registry.yarnpkg.com/@envelop/core/-/core-5.0.2.tgz#f9649c72e66d78b55aafa0d2d2cfa5f9c3bfc127"
  integrity sha512-tVL6OrMe6UjqLosiE+EH9uxh2TQC0469GwF4tE014ugRaDDKKVWwFwZe0TBMlcyHKh5MD4ZxktWo/1hqUxIuhw==
  dependencies:
    "@envelop/types" "5.0.0"
    tslib "^2.5.0"

"@envelop/types@5.0.0":
  version "5.0.0"
  resolved "https://registry.yarnpkg.com/@envelop/types/-/types-5.0.0.tgz#3ae59b50ec31d4bdcc7bd0b47e9c8cf2ac44b0ff"
  integrity sha512-IPjmgSc4KpQRlO4qbEDnBEixvtb06WDmjKfi/7fkZaryh5HuOmTtixe1EupQI5XfXO8joc3d27uUZ0QdC++euA==
  dependencies:
    tslib "^2.5.0"

"@graphql-tools/executor@^1.3.0":
  version "1.3.1"
  resolved "https://registry.yarnpkg.com/@graphql-tools/executor/-/executor-1.3.1.tgz#69de74932442a84017c49639e23e0202e169db60"
  integrity sha512-tgJDdGf9SCAm64ofEMZdv925u6/J+eTmv36TGNLxgP2DpCJsZ6gnJ4A+0D28EazDXqJIvMiPd+3d+o3cCRCAnQ==
  dependencies:
    "@graphql-tools/utils" "^10.3.4"
    "@graphql-typed-document-node/core" "3.2.0"
    "@repeaterjs/repeater" "^3.0.4"
    tslib "^2.4.0"
    value-or-promise "^1.0.12"

"@graphql-tools/merge@^9.0.6":
  version "9.0.7"
  resolved "https://registry.yarnpkg.com/@graphql-tools/merge/-/merge-9.0.7.tgz#e37dd9491e65c00fb124f47073121d32dc6735d1"
  integrity sha512-lbTrIuXIbUSmSumHkPRY1QX0Z8JEtmRhnIrkH7vkfeEmf0kNn/nCWvJwqokm5U7L+a+DA1wlRM4slIlbfXjJBA==
  dependencies:
    "@graphql-tools/utils" "^10.5.4"
    tslib "^2.4.0"

"@graphql-tools/schema@^10.0.4":
  version "10.0.6"
  resolved "https://registry.yarnpkg.com/@graphql-tools/schema/-/schema-10.0.6.tgz#48391195ea4557ef5b6f77950bcbf529dc5f4e7e"
  integrity sha512-EIJgPRGzpvDFEjVp+RF1zNNYIC36BYuIeZ514jFoJnI6IdxyVyIRDLx/ykgMdaa1pKQerpfdqDnsF4JnZoDHSQ==
  dependencies:
    "@graphql-tools/merge" "^9.0.6"
    "@graphql-tools/utils" "^10.5.4"
    tslib "^2.4.0"
    value-or-promise "^1.0.12"

"@graphql-tools/utils@^10.3.2", "@graphql-tools/utils@^10.3.4", "@graphql-tools/utils@^10.5.4":
  version "10.5.4"
  resolved "https://registry.yarnpkg.com/@graphql-tools/utils/-/utils-10.5.4.tgz#214d815632a774f2db56bcaf7cfbd615ef858078"
  integrity sha512-XHnyCWSlg1ccsD8s0y6ugo5GZ5TpkTiFVNPSYms5G0s6Z/xTuSmiLBfeqgkfaCwLmLaQnRCmNDL2JRnqc2R5bQ==
  dependencies:
    "@graphql-typed-document-node/core" "^3.1.1"
    cross-inspect "1.0.1"
    dset "^3.1.2"
    tslib "^2.4.0"

"@graphql-typed-document-node/core@3.2.0", "@graphql-typed-document-node/core@^3.1.1":
  version "3.2.0"
  resolved "https://registry.yarnpkg.com/@graphql-typed-document-node/core/-/core-3.2.0.tgz#5f3d96ec6b2354ad6d8a28bf216a1d97b5426861"
  integrity sha512-mB9oAsNCm9aM3/SOv4YtBMqZbYj10R7dkq8byBqxGY/ncFwhf2oQzMV+LCRlWoDSEBJ3COiR1yeDvMtsoOsuFQ==

"@graphql-yoga/logger@^2.0.0":
  version "2.0.0"
  resolved "https://registry.yarnpkg.com/@graphql-yoga/logger/-/logger-2.0.0.tgz#51c91cf07fc42b0d100d887315a20a4c9cac342e"
  integrity sha512-Mg8psdkAp+YTG1OGmvU+xa6xpsAmSir0hhr3yFYPyLNwzUj95DdIwsMpKadDj9xDpYgJcH3Hp/4JMal9DhQimA==
  dependencies:
    tslib "^2.5.2"

"@graphql-yoga/subscription@^5.0.1":
  version "5.0.1"
  resolved "https://registry.yarnpkg.com/@graphql-yoga/subscription/-/subscription-5.0.1.tgz#affe9b4bca4303300cc9492d30dfbe9f089fe0e8"
  integrity sha512-1wCB1DfAnaLzS+IdoOzELGGnx1ODEg9nzQXFh4u2j02vAnne6d+v4A7HIH9EqzVdPLoAaMKXCZUUdKs+j3z1fg==
  dependencies:
    "@graphql-yoga/typed-event-target" "^3.0.0"
    "@repeaterjs/repeater" "^3.0.4"
    "@whatwg-node/events" "^0.1.0"
    tslib "^2.5.2"

"@graphql-yoga/typed-event-target@^3.0.0":
  version "3.0.0"
  resolved "https://registry.yarnpkg.com/@graphql-yoga/typed-event-target/-/typed-event-target-3.0.0.tgz#57dc42e052d8294555d26ee61854d72a0236fee0"
  integrity sha512-w+liuBySifrstuHbFrHoHAEyVnDFVib+073q8AeAJ/qqJfvFvAwUPLLtNohR/WDVRgSasfXtl3dcNuVJWN+rjg==
  dependencies:
    "@repeaterjs/repeater" "^3.0.4"
    tslib "^2.5.2"

"@jridgewell/resolve-uri@^3.0.3":
  version "3.1.2"
  resolved "https://registry.yarnpkg.com/@jridgewell/resolve-uri/-/resolve-uri-3.1.2.tgz#7a0ee601f60f99a20c7c7c5ff0c80388c1189bd6"
  integrity sha512-bRISgCIjP20/tbWSPWMEi54QVPRZExkuD9lJL+UIxUKtwVJA8wW1Trb1jMs1RFXo1CBTNZ/5hpC9QvmKWdopKw==

"@jridgewell/sourcemap-codec@^1.4.10":
  version "1.5.0"
  resolved "https://registry.yarnpkg.com/@jridgewell/sourcemap-codec/-/sourcemap-codec-1.5.0.tgz#3188bcb273a414b0d215fd22a58540b989b9409a"
  integrity sha512-gv3ZRaISU3fjPAgNsriBRqGWQL6quFx04YMPW/zD8XMLsU32mhCCbfbO6KZFLjvYpCZ8zyDEgqsgf+PwPaM7GQ==

"@jridgewell/trace-mapping@0.3.9":
  version "0.3.9"
  resolved "https://registry.yarnpkg.com/@jridgewell/trace-mapping/-/trace-mapping-0.3.9.tgz#6534fd5933a53ba7cbf3a17615e273a0d1273ff9"
  integrity sha512-3Belt6tdc8bPgAtbcmdtNJlirVoTmEb5e2gC94PnkwEW9jI6CAHUeoG85tjWP5WquqfavoMtMwiG4P926ZKKuQ==
  dependencies:
    "@jridgewell/resolve-uri" "^3.0.3"
    "@jridgewell/sourcemap-codec" "^1.4.10"

"@kamilkisiela/fast-url-parser@^1.1.4":
  version "1.1.4"
  resolved "https://registry.yarnpkg.com/@kamilkisiela/fast-url-parser/-/fast-url-parser-1.1.4.tgz#9d68877a489107411b953c54ea65d0658b515809"
  integrity sha512-gbkePEBupNydxCelHCESvFSFM8XPh1Zs/OAVRW/rKpEqPAl5PbOM90Si8mv9bvnR53uPD2s/FiRxdvSejpRJew==

"@pothos/core@^4.2.0":
  version "4.2.0"
  resolved "https://registry.yarnpkg.com/@pothos/core/-/core-4.2.0.tgz#2f07500b7000e306ad0ee19f4cf8a530952f22e7"
  integrity sha512-dEoQCaA/pCPg3MhjGCwBF1QRbtOPysXm4nivQQsq6OrOvC7pU+KJNVdBSwpi1ZtTLtd4wg+PCC8Js9GrCyh9sw==

"@pothos/plugin-prisma@^4.2.1":
  version "4.2.1"
  resolved "https://registry.yarnpkg.com/@pothos/plugin-prisma/-/plugin-prisma-4.2.1.tgz#2e988a0d6891826548517785b21ebe26e1c335c9"
  integrity sha512-leFWc+akd/EbrsAGEL3Th0fOEl3MnNTGimoLpLa+89rNppiymJz6QmpSq88jTa6yFwPiKU0EsICJ6xv0ioCzig==
  dependencies:
    "@prisma/generator-helper" "^5.17.0"

"@pothos/plugin-smart-subscriptions@^4.1.0":
  version "4.1.0"
  resolved "https://registry.yarnpkg.com/@pothos/plugin-smart-subscriptions/-/plugin-smart-subscriptions-4.1.0.tgz#d7964d32fa473c5807cdb1cdd06939b0ce92370d"
  integrity sha512-6FzJHOSDixmIZpGKptMD3n79/qjY/kee5hTQZURdiBlHp3asvNy0NBaNsIONdlUMOKjUUd0vQDjGPVw9yOMqRg==

"@prisma/client@^5.19.0":
  version "5.19.0"
  resolved "https://registry.yarnpkg.com/@prisma/client/-/client-5.19.0.tgz#db0b4a5b536aeda7f91126e83685e6663c1d2ed1"
  integrity sha512-CzOpau+q1kEWQyoQMvlnXIHqPvwmWbh48xZ4n8KWbAql0p8PC0BIgSTYW5ncxXa4JSEff0tcoxSZB874wDstdg==

"@prisma/debug@5.19.0":
  version "5.19.0"
  resolved "https://registry.yarnpkg.com/@prisma/debug/-/debug-5.19.0.tgz#a31de2c8bafc540950f80e219578dccea8752903"
  integrity sha512-+b/G0ubAZlrS+JSiDhXnYV5DF/aTJ3pinktkiV/L4TtLRLZO6SVGyFELgxBsicCTWJ2ZMu5vEV/jTtYCdjFTRA==

"@prisma/engines-version@5.19.0-31.5fe21811a6ba0b952a3bc71400666511fe3b902f":
  version "5.19.0-31.5fe21811a6ba0b952a3bc71400666511fe3b902f"
  resolved "https://registry.yarnpkg.com/@prisma/engines-version/-/engines-version-5.19.0-31.5fe21811a6ba0b952a3bc71400666511fe3b902f.tgz#456b54f1a0f3c94a79bfbc2da0d3c89bdc1329f4"
  integrity sha512-GimI9aZIFy/yvvR11KfXRn3pliFn1QAkdebVlsXlnoh5uk0YhLblVmeYiHfsu+wDA7BeKqYT4sFfzg8mutzuWw==

"@prisma/engines@5.19.0":
  version "5.19.0"
  resolved "https://registry.yarnpkg.com/@prisma/engines/-/engines-5.19.0.tgz#bc1154cd6620ff9216891db1c540fb229c472bca"
  integrity sha512-UtW+0m4HYoRSSR3LoDGKF3Ud4BSMWYlLEt4slTnuP1mI+vrV3zaDoiAPmejdAT76vCN5UqnWURbkXxf66nSylQ==
  dependencies:
    "@prisma/debug" "5.19.0"
    "@prisma/engines-version" "5.19.0-31.5fe21811a6ba0b952a3bc71400666511fe3b902f"
    "@prisma/fetch-engine" "5.19.0"
    "@prisma/get-platform" "5.19.0"

"@prisma/fetch-engine@5.19.0":
  version "5.19.0"
  resolved "https://registry.yarnpkg.com/@prisma/fetch-engine/-/fetch-engine-5.19.0.tgz#3f82ad8dde243ae6a816f1acb6384bbbff1dad90"
  integrity sha512-oOiPNtmJX0cP/ebu7BBEouJvCw8T84/MFD/Hf2zlqjxkK4ojl38bB9i9J5LAxotL6WlYVThKdxc7HqoWnPOhqQ==
  dependencies:
    "@prisma/debug" "5.19.0"
    "@prisma/engines-version" "5.19.0-31.5fe21811a6ba0b952a3bc71400666511fe3b902f"
    "@prisma/get-platform" "5.19.0"

"@prisma/generator-helper@^5.17.0":
  version "5.19.0"
  resolved "https://registry.yarnpkg.com/@prisma/generator-helper/-/generator-helper-5.19.0.tgz#7ceb292d3971f98080fdaba2ad726d3b179bc472"
  integrity sha512-qZDgnq/dHVHYUNRG8ETuIvoiZzWxwKHhG9Jb4WWoQFXXuTY+1km0L5QAPOJ0U7Qo8ookUf25B88n1Z9Az7l/UQ==
  dependencies:
    "@prisma/debug" "5.19.0"

"@prisma/get-platform@5.19.0":
  version "5.19.0"
  resolved "https://registry.yarnpkg.com/@prisma/get-platform/-/get-platform-5.19.0.tgz#e7dc4e3e1883061d444e1d6fe59e0f46978e1106"
  integrity sha512-s9DWkZKnuP4Y8uy6yZfvqQ/9X3/+2KYf3IZUVZz5OstJdGBJrBlbmIuMl81917wp5TuK/1k2TpHNCEdpYLPKmg==
  dependencies:
    "@prisma/debug" "5.19.0"

"@repeaterjs/repeater@^3.0.4":
  version "3.0.6"
  resolved "https://registry.yarnpkg.com/@repeaterjs/repeater/-/repeater-3.0.6.tgz#be23df0143ceec3c69f8b6c2517971a5578fdaa2"
  integrity sha512-Javneu5lsuhwNCryN+pXH93VPQ8g0dBX7wItHFgYiwQmzE1sVdg5tWHiOgHywzL2W21XQopa7IwIEnNbmeUJYA==

"@tsconfig/node10@^1.0.7":
  version "1.0.11"
  resolved "https://registry.yarnpkg.com/@tsconfig/node10/-/node10-1.0.11.tgz#6ee46400685f130e278128c7b38b7e031ff5b2f2"
  integrity sha512-DcRjDCujK/kCk/cUe8Xz8ZSpm8mS3mNNpta+jGCA6USEDfktlNvm1+IuZ9eTcDbNk41BHwpHHeW+N1lKCz4zOw==

"@tsconfig/node12@^1.0.7":
  version "1.0.11"
  resolved "https://registry.yarnpkg.com/@tsconfig/node12/-/node12-1.0.11.tgz#ee3def1f27d9ed66dac6e46a295cffb0152e058d"
  integrity sha512-cqefuRsh12pWyGsIoBKJA9luFu3mRxCA+ORZvA4ktLSzIuCUtWVxGIuXigEwO5/ywWFMZ2QEGKWvkZG1zDMTag==

"@tsconfig/node14@^1.0.0":
  version "1.0.3"
  resolved "https://registry.yarnpkg.com/@tsconfig/node14/-/node14-1.0.3.tgz#e4386316284f00b98435bf40f72f75a09dabf6c1"
  integrity sha512-ysT8mhdixWK6Hw3i1V2AeRqZ5WfXg1G43mqoYlM2nc6388Fq5jcXyr5mRsqViLx/GJYdoL0bfXD8nmF+Zn/Iow==

"@tsconfig/node16@^1.0.2":
  version "1.0.4"
  resolved "https://registry.yarnpkg.com/@tsconfig/node16/-/node16-1.0.4.tgz#0b92dcc0cc1c81f6f306a381f28e31b1a56536e9"
  integrity sha512-vxhUy4J8lyeyinH7Azl1pdd43GJhZH/tP2weN8TntQblOY+A0XbT8DJk1/oCPuOOyg/Ja757rG0CgHcWC8OfMA==

"@types/node@*", "@types/node@^22.5.2":
  version "22.5.2"
  resolved "https://registry.yarnpkg.com/@types/node/-/node-22.5.2.tgz#e42344429702e69e28c839a7e16a8262a8086793"
  integrity sha512-acJsPTEqYqulZS/Yp/S3GgeE6GZ0qYODUR8aVr/DkhHQ8l9nd4j5x1/ZJy9/gHrRlFMqkO6i0I3E27Alu4jjPg==
  dependencies:
    undici-types "~6.19.2"

"@types/ws@^8.5.12":
  version "8.5.12"
  resolved "https://registry.yarnpkg.com/@types/ws/-/ws-8.5.12.tgz#619475fe98f35ccca2a2f6c137702d85ec247b7e"
  integrity sha512-3tPRkv1EtkDpzlgyKyI8pGsGZAGPEaXeu0DOj5DI25Ja91bdAYddYHbADRYVrZMRbfW+1l5YwXVDKohDJNQxkQ==
  dependencies:
    "@types/node" "*"

"@whatwg-node/events@^0.1.0":
  version "0.1.2"
  resolved "https://registry.yarnpkg.com/@whatwg-node/events/-/events-0.1.2.tgz#23f7c7ad887d7fd448e9ce3261eac9ef319ddd7c"
  integrity sha512-ApcWxkrs1WmEMS2CaLLFUEem/49erT3sxIVjpzU5f6zmVcnijtDSrhoK2zVobOIikZJdH63jdAXOrvjf6eOUNQ==
  dependencies:
    tslib "^2.6.3"

"@whatwg-node/fetch@^0.9.18", "@whatwg-node/fetch@^0.9.21":
  version "0.9.21"
  resolved "https://registry.yarnpkg.com/@whatwg-node/fetch/-/fetch-0.9.21.tgz#24a08c441126ae2d0f94544e718bdb4a8c2b5ad0"
  integrity sha512-Wt0jPb+04JjobK0pAAN7mEHxVHcGA9HoP3OyCsZtyAecNQeADXCZ1MihFwVwjsgaRYuGVmNlsCmLxlG6mor8Gw==
  dependencies:
    "@whatwg-node/node-fetch" "^0.5.23"
    urlpattern-polyfill "^10.0.0"

"@whatwg-node/node-fetch@^0.5.23":
  version "0.5.26"
  resolved "https://registry.yarnpkg.com/@whatwg-node/node-fetch/-/node-fetch-0.5.26.tgz#b660f55bf0039ef7ead75c224fe4240469c88f88"
  integrity sha512-4jXDeZ4IH4bylZ6wu14VEx0aDXXhrN4TC279v9rPmn08g4EYekcYf8wdcOOnS9STjDkb6x77/6xBUTqxGgjr8g==
  dependencies:
    "@kamilkisiela/fast-url-parser" "^1.1.4"
    busboy "^1.6.0"
    fast-querystring "^1.1.1"
    tslib "^2.6.3"

"@whatwg-node/server@^0.9.44":
  version "0.9.49"
  resolved "https://registry.yarnpkg.com/@whatwg-node/server/-/server-0.9.49.tgz#5d2d49b114041973c9d625c65e3c018032b8928b"
  integrity sha512-3KzLXw80gWnTsQ746G/LFdCThTPfDodjQs4PnmoNuPa6XUOl4HWq8TlJpxtmnEEB+y+UYLal+3VQ68dtYlbUDQ==
  dependencies:
    "@whatwg-node/fetch" "^0.9.21"
    tslib "^2.6.3"

acorn-walk@^8.1.1:
  version "8.3.3"
  resolved "https://registry.yarnpkg.com/acorn-walk/-/acorn-walk-8.3.3.tgz#9caeac29eefaa0c41e3d4c65137de4d6f34df43e"
  integrity sha512-MxXdReSRhGO7VlFe1bRG/oI7/mdLV9B9JJT0N8vZOhF7gFRR5l3M8W9G8JxmKV+JC5mGqJ0QvqfSOLsCPa4nUw==
  dependencies:
    acorn "^8.11.0"

acorn@^8.11.0, acorn@^8.4.1:
  version "8.12.1"
  resolved "https://registry.yarnpkg.com/acorn/-/acorn-8.12.1.tgz#71616bdccbe25e27a54439e0046e89ca76df2248"
  integrity sha512-tcpGyI9zbizT9JbV6oYE477V6mTlXvvi0T0G3SNIYE2apm/G5huBa1+K89VGeovbg+jycCrfhl3ADxErOuO6Jg==

anymatch@~3.1.2:
  version "3.1.3"
  resolved "https://registry.yarnpkg.com/anymatch/-/anymatch-3.1.3.tgz#790c58b19ba1720a84205b57c618d5ad8524973e"
  integrity sha512-KMReFUr0B4t+D+OBkjR3KYqvocp2XaSzO55UcB6mgQMd3KbcE+mWTyvVV7D/zsdEbNnV6acZUutkiHQXvTr1Rw==
  dependencies:
    normalize-path "^3.0.0"
    picomatch "^2.0.4"

arg@^4.1.0:
  version "4.1.3"
  resolved "https://registry.yarnpkg.com/arg/-/arg-4.1.3.tgz#269fc7ad5b8e42cb63c896d5666017261c144089"
  integrity sha512-58S9QDqG0Xx27YwPSt9fJxivjYl432YCwfDMfZ+71RAqUrZef7LrKQZ3LHLOwCS4FLNBplP533Zx895SeOCHvA==

balanced-match@^1.0.0:
  version "1.0.2"
  resolved "https://registry.yarnpkg.com/balanced-match/-/balanced-match-1.0.2.tgz#e83e3a7e3f300b34cb9d87f615fa0cbf357690ee"
  integrity sha512-3oSeUO0TMV67hN1AmbXsK4yaqU7tjiHlbxRDZOpH0KW9+CeX4bRAaX0Anxt0tx2MrpRpWwQaPwIlISEJhYU5Pw==

binary-extensions@^2.0.0:
  version "2.3.0"
  resolved "https://registry.yarnpkg.com/binary-extensions/-/binary-extensions-2.3.0.tgz#f6e14a97858d327252200242d4ccfe522c445522"
  integrity sha512-Ceh+7ox5qe7LJuLHoY0feh3pHuUDHAcRUeyL2VYghZwfpkNIy/+8Ocg0a3UuSoYzavmylwuLWQOf3hl0jjMMIw==

brace-expansion@^1.1.7:
  version "1.1.11"
  resolved "https://registry.yarnpkg.com/brace-expansion/-/brace-expansion-1.1.11.tgz#3c7fcbf529d87226f3d2f52b966ff5271eb441dd"
  integrity sha512-iCuPHDFgrHX7H2vEI/5xpz07zSHB00TpugqhmYtVmMO6518mCuRMoOYFldEBl0g187ufozdaHgWKcYFb61qGiA==
  dependencies:
    balanced-match "^1.0.0"
    concat-map "0.0.1"

braces@~3.0.2:
  version "3.0.3"
  resolved "https://registry.yarnpkg.com/braces/-/braces-3.0.3.tgz#490332f40919452272d55a8480adc0c441358789"
  integrity sha512-yQbXgO/OSZVD2IsiLlro+7Hf6Q18EJrKSEsdoMzKePKXct3gvD8oLcOQdIzGupr5Fj+EDe8gO/lxc1BzfMpxvA==
  dependencies:
    fill-range "^7.1.1"

busboy@^1.6.0:
  version "1.6.0"
  resolved "https://registry.yarnpkg.com/busboy/-/busboy-1.6.0.tgz#966ea36a9502e43cdb9146962523b92f531f6893"
  integrity sha512-8SFQbg/0hQ9xy3UNTB0YEnsNBbWfhf7RtnzpL7TkBiTBRfrQ9Fxcnz7VJsleJpyp6rVLvXiuORqjlHi5q+PYuA==
  dependencies:
    streamsearch "^1.1.0"

chokidar@^3.5.2:
  version "3.6.0"
  resolved "https://registry.yarnpkg.com/chokidar/-/chokidar-3.6.0.tgz#197c6cc669ef2a8dc5e7b4d97ee4e092c3eb0d5b"
  integrity sha512-7VT13fmjotKpGipCW9JEQAusEPE+Ei8nl6/g4FBAmIm0GOOLMua9NDDo/DWp0ZAxCr3cPq5ZpBqmPAQgDda2Pw==
  dependencies:
    anymatch "~3.1.2"
    braces "~3.0.2"
    glob-parent "~5.1.2"
    is-binary-path "~2.1.0"
    is-glob "~4.0.1"
    normalize-path "~3.0.0"
    readdirp "~3.6.0"
  optionalDependencies:
    fsevents "~2.3.2"

concat-map@0.0.1:
  version "0.0.1"
  resolved "https://registry.yarnpkg.com/concat-map/-/concat-map-0.0.1.tgz#d8a96bd77fd68df7793a73036a3ba0d5405d477b"
  integrity sha512-/Srv4dswyQNBfohGpz9o6Yb3Gz3SrUDqBH5rTuhGR7ahtlbYKnVxw2bCFMRljaA7EXHaXZ8wsHdodFvbkhKmqg==

create-require@^1.1.0:
  version "1.1.1"
  resolved "https://registry.yarnpkg.com/create-require/-/create-require-1.1.1.tgz#c1d7e8f1e5f6cfc9ff65f9cd352d37348756c333"
  integrity sha512-dcKFX3jn0MpIaXjisoRvexIJVEKzaq7z2rZKxf+MSr9TkdmHmsU4m2lcLojrj/FHl8mk5VxMmYA+ftRkP/3oKQ==

cross-inspect@1.0.1:
  version "1.0.1"
  resolved "https://registry.yarnpkg.com/cross-inspect/-/cross-inspect-1.0.1.tgz#15f6f65e4ca963cf4cc1a2b5fef18f6ca328712b"
  integrity sha512-Pcw1JTvZLSJH83iiGWt6fRcT+BjZlCDRVwYLbUcHzv/CRpB7r0MlSrGbIyQvVSNyGnbt7G4AXuyCiDR3POvZ1A==
  dependencies:
    tslib "^2.4.0"

debug@^4:
  version "4.3.6"
  resolved "https://registry.yarnpkg.com/debug/-/debug-4.3.6.tgz#2ab2c38fbaffebf8aa95fdfe6d88438c7a13c52b"
  integrity sha512-O/09Bd4Z1fBrU4VzkhFqVgpPzaGbw6Sm9FEkBT1A/YBXQFGuuSxa1dN2nxgxS34JmKXqYx8CZAwEVoJFImUXIg==
  dependencies:
    ms "2.1.2"

diff@^4.0.1:
  version "4.0.2"
  resolved "https://registry.yarnpkg.com/diff/-/diff-4.0.2.tgz#60f3aecb89d5fae520c11aa19efc2bb982aade7d"
  integrity sha512-58lmxKSA4BNyLz+HHMUzlOEpg09FV+ev6ZMe3vJihgdxzgcwZ8VoEEPmALCZG9LmqfVoNMMKpttIYTVG6uDY7A==

dset@^3.1.1, dset@^3.1.2:
  version "3.1.3"
  resolved "https://registry.yarnpkg.com/dset/-/dset-3.1.3.tgz#c194147f159841148e8e34ca41f638556d9542d2"
  integrity sha512-20TuZZHCEZ2O71q9/+8BwKwZ0QtD9D8ObhrihJPr+vLLYlSuAU3/zL4cSlgbfeoGHTjCSJBa7NGcrF9/Bx/WJQ==

fast-decode-uri-component@^1.0.1:
  version "1.0.1"
  resolved "https://registry.yarnpkg.com/fast-decode-uri-component/-/fast-decode-uri-component-1.0.1.tgz#46f8b6c22b30ff7a81357d4f59abfae938202543"
  integrity sha512-WKgKWg5eUxvRZGwW8FvfbaH7AXSh2cL+3j5fMGzUMCxWBJ3dV3a7Wz8y2f/uQ0e3B6WmodD3oS54jTQ9HVTIIg==

fast-querystring@^1.1.1:
  version "1.1.2"
  resolved "https://registry.yarnpkg.com/fast-querystring/-/fast-querystring-1.1.2.tgz#a6d24937b4fc6f791b4ee31dcb6f53aeafb89f53"
  integrity sha512-g6KuKWmFXc0fID8WWH0jit4g0AGBoJhCkJMb1RmbsSEUNvQ+ZC8D6CUZ+GtF8nMzSPXnhiePyyqqipzNNEnHjg==
  dependencies:
    fast-decode-uri-component "^1.0.1"

fill-range@^7.1.1:
  version "7.1.1"
  resolved "https://registry.yarnpkg.com/fill-range/-/fill-range-7.1.1.tgz#44265d3cac07e3ea7dc247516380643754a05292"
  integrity sha512-YsGpe3WHLK8ZYi4tWDg2Jy3ebRz2rXowDxnld4bkQB00cc/1Zw9AWnC0i9ztDJitivtQvaI9KaLyKrc+hBW0yg==
  dependencies:
    to-regex-range "^5.0.1"

fsevents@2.3.3, fsevents@~2.3.2:
  version "2.3.3"
  resolved "https://registry.yarnpkg.com/fsevents/-/fsevents-2.3.3.tgz#cac6407785d03675a2a5e1a5305c697b347d90d6"
  integrity sha512-5xoDfX+fL7faATnagmWPpbFtwh/R77WmMMqqHGS65C3vvB0YHrgF+B1YmZ3441tMj5n63k0212XNoJwzlhffQw==

glob-parent@~5.1.2:
  version "5.1.2"
  resolved "https://registry.yarnpkg.com/glob-parent/-/glob-parent-5.1.2.tgz#869832c58034fe68a4093c17dc15e8340d8401c4"
  integrity sha512-AOIgSQCepiJYwP3ARnGx+5VnTu2HBYdzbGP45eLw1vr3zB3vZLeyed1sC9hnbcOc9/SrMyM5RPQrkGz4aS9Zow==
  dependencies:
    is-glob "^4.0.1"

graphql-subscriptions@^2.0.0:
  version "2.0.0"
  resolved "https://registry.yarnpkg.com/graphql-subscriptions/-/graphql-subscriptions-2.0.0.tgz#11ec181d475852d8aec879183e8e1eb94f2eb79a"
  integrity sha512-s6k2b8mmt9gF9pEfkxsaO1lTxaySfKoEJzEfmwguBbQ//Oq23hIXCfR1hm4kdh5hnR20RdwB+s3BCb+0duHSZA==
  dependencies:
    iterall "^1.3.0"

graphql-ws@^5.16.0:
  version "5.16.0"
  resolved "https://registry.yarnpkg.com/graphql-ws/-/graphql-ws-5.16.0.tgz#849efe02f384b4332109329be01d74c345842729"
  integrity sha512-Ju2RCU2dQMgSKtArPbEtsK5gNLnsQyTNIo/T7cZNp96niC1x0KdJNZV0TIoilceBPQwfb5itrGl8pkFeOUMl4A==

graphql-yoga@^5.7.0:
  version "5.7.0"
  resolved "https://registry.yarnpkg.com/graphql-yoga/-/graphql-yoga-5.7.0.tgz#7c9a6e14cd9483cf04d26b5a189f2eed4a8a7111"
  integrity sha512-QyGVvFAvGhMrzjJvhjsxsyoE+e4lNrj5f5qOsRYJuWIjyw7tHfbBvybZIwzNOGY0aB5sgA8BlVvu5hxjdKJ5tQ==
  dependencies:
    "@envelop/core" "^5.0.1"
    "@graphql-tools/executor" "^1.3.0"
    "@graphql-tools/schema" "^10.0.4"
    "@graphql-tools/utils" "^10.3.2"
    "@graphql-yoga/logger" "^2.0.0"
    "@graphql-yoga/subscription" "^5.0.1"
    "@whatwg-node/fetch" "^0.9.18"
    "@whatwg-node/server" "^0.9.44"
    dset "^3.1.1"
    lru-cache "^10.0.0"
    tslib "^2.5.2"

graphql@^16.9.0:
  version "16.9.0"
  resolved "https://registry.yarnpkg.com/graphql/-/graphql-16.9.0.tgz#1c310e63f16a49ce1fbb230bd0a000e99f6f115f"
  integrity sha512-GGTKBX4SD7Wdb8mqeDLni2oaRGYQWjWHGKPQ24ZMnUtKfcsVoiv4uX8+LJr1K6U5VW2Lu1BwJnj7uiori0YtRw==

has-flag@^3.0.0:
  version "3.0.0"
  resolved "https://registry.yarnpkg.com/has-flag/-/has-flag-3.0.0.tgz#b5d454dc2199ae225699f3467e5a07f3b955bafd"
  integrity sha512-sKJf1+ceQBr4SMkvQnBDNDtf4TXpVhVGateu0t918bl30FnbE2m4vNLX+VWe/dpjlb+HugGYzW7uQXH98HPEYw==

ignore-by-default@^1.0.1:
  version "1.0.1"
  resolved "https://registry.yarnpkg.com/ignore-by-default/-/ignore-by-default-1.0.1.tgz#48ca6d72f6c6a3af00a9ad4ae6876be3889e2b09"
  integrity sha512-Ius2VYcGNk7T90CppJqcIkS5ooHUZyIQK+ClZfMfMNFEF9VSE73Fq+906u/CWu92x4gzZMWOwfFYckPObzdEbA==

is-binary-path@~2.1.0:
  version "2.1.0"
  resolved "https://registry.yarnpkg.com/is-binary-path/-/is-binary-path-2.1.0.tgz#ea1f7f3b80f064236e83470f86c09c254fb45b09"
  integrity sha512-ZMERYes6pDydyuGidse7OsHxtbI7WVeUEozgR/g7rd0xUimYNlvZRE/K2MgZTjWy725IfelLeVcEM97mmtRGXw==
  dependencies:
    binary-extensions "^2.0.0"

is-extglob@^2.1.1:
  version "2.1.1"
  resolved "https://registry.yarnpkg.com/is-extglob/-/is-extglob-2.1.1.tgz#a88c02535791f02ed37c76a1b9ea9773c833f8c2"
  integrity sha512-SbKbANkN603Vi4jEZv49LeVJMn4yGwsbzZworEoyEiutsN3nJYdbO36zfhGJ6QEDpOZIFkDtnq5JRxmvl3jsoQ==

is-glob@^4.0.1, is-glob@~4.0.1:
  version "4.0.3"
  resolved "https://registry.yarnpkg.com/is-glob/-/is-glob-4.0.3.tgz#64f61e42cbbb2eec2071a9dac0b28ba1e65d5084"
  integrity sha512-xelSayHH36ZgE7ZWhli7pW34hNbNl8Ojv5KVmkJD4hBdD3th8Tfk9vYasLM+mXWOZhFkgZfxhLSnrwRr4elSSg==
  dependencies:
    is-extglob "^2.1.1"

is-number@^7.0.0:
  version "7.0.0"
  resolved "https://registry.yarnpkg.com/is-number/-/is-number-7.0.0.tgz#7535345b896734d5f80c4d06c50955527a14f12b"
  integrity sha512-41Cifkg6e8TylSpdtTpeLVMqvSBEVzTttHvERD741+pnZ8ANv0004MRL43QKPDlK9cGvNp6NZWZUBlbGXYxxng==

iterall@^1.3.0:
  version "1.3.0"
  resolved "https://registry.yarnpkg.com/iterall/-/iterall-1.3.0.tgz#afcb08492e2915cbd8a0884eb93a8c94d0d72fea"
  integrity sha512-QZ9qOMdF+QLHxy1QIpUHUU1D5pS2CG2P69LF6L6CPjPYA/XMOmKV3PZpawHoAjHNyB0swdVTRxdYT4tbBbxqwg==

lru-cache@^10.0.0:
  version "10.4.3"
  resolved "https://registry.yarnpkg.com/lru-cache/-/lru-cache-10.4.3.tgz#410fc8a17b70e598013df257c2446b7f3383f119"
  integrity sha512-JNAzZcXrCt42VGLuYz0zfAzDfAvJWW6AfYlDBQyDV5DClI2m5sAmK+OIO7s59XfsRsWHp02jAJrRadPRGTt6SQ==

make-error@^1.1.1:
  version "1.3.6"
  resolved "https://registry.yarnpkg.com/make-error/-/make-error-1.3.6.tgz#2eb2e37ea9b67c4891f684a1394799af484cf7a2"
  integrity sha512-s8UhlNe7vPKomQhC1qFelMokr/Sc3AgNbso3n74mVPA5LTZwkB9NlXf4XPamLxJE8h0gh73rM94xvwRT2CVInw==

minimatch@^3.1.2:
  version "3.1.2"
  resolved "https://registry.yarnpkg.com/minimatch/-/minimatch-3.1.2.tgz#19cd194bfd3e428f049a70817c038d89ab4be35b"
  integrity sha512-J7p63hRiAjw1NDEww1W7i37+ByIrOWO5XQQAzZ3VOcL0PNybwpfmV/N05zFAzwQ9USyEcX6t3UO+K5aqBQOIHw==
  dependencies:
    brace-expansion "^1.1.7"

ms@2.1.2:
  version "2.1.2"
  resolved "https://registry.yarnpkg.com/ms/-/ms-2.1.2.tgz#d09d1f357b443f493382a8eb3ccd183872ae6009"
  integrity sha512-sGkPx+VjMtmA6MX27oA4FBFELFCZZ4S4XqeGOXCv68tT+jb3vk/RyaKWP0PTKyWtmLSM0b+adUTEvbs1PEaH2w==

nodemon@^3.1.4:
  version "3.1.4"
  resolved "https://registry.yarnpkg.com/nodemon/-/nodemon-3.1.4.tgz#c34dcd8eb46a05723ccde60cbdd25addcc8725e4"
  integrity sha512-wjPBbFhtpJwmIeY2yP7QF+UKzPfltVGtfce1g/bB15/8vCGZj8uxD62b/b9M9/WVgme0NZudpownKN+c0plXlQ==
  dependencies:
    chokidar "^3.5.2"
    debug "^4"
    ignore-by-default "^1.0.1"
    minimatch "^3.1.2"
    pstree.remy "^1.1.8"
    semver "^7.5.3"
    simple-update-notifier "^2.0.0"
    supports-color "^5.5.0"
    touch "^3.1.0"
    undefsafe "^2.0.5"

normalize-path@^3.0.0, normalize-path@~3.0.0:
  version "3.0.0"
  resolved "https://registry.yarnpkg.com/normalize-path/-/normalize-path-3.0.0.tgz#0dcd69ff23a1c9b11fd0978316644a0388216a65"
  integrity sha512-6eZs5Ls3WtCisHWp9S2GUy8dqkpGi4BVSz3GaqiE6ezub0512ESztXUwUB6C6IKbQkY2Pnb/mD4WYojCRwcwLA==

picomatch@^2.0.4, picomatch@^2.2.1:
  version "2.3.1"
  resolved "https://registry.yarnpkg.com/picomatch/-/picomatch-2.3.1.tgz#3ba3833733646d9d3e4995946c1365a67fb07a42"
  integrity sha512-JU3teHTNjmE2VCGFzuY8EXzCDVwEqB2a8fsIvwaStHhAWJEeVd1o1QD80CU6+ZdEXXSLbSsuLwJjkCBWqRQUVA==

prisma@^5.19.0:
  version "5.19.0"
  resolved "https://registry.yarnpkg.com/prisma/-/prisma-5.19.0.tgz#d62351ba1c175cd1f0dcb185cc3b529437511805"
  integrity sha512-Pu7lUKpVyTx8cVwM26dYh8NdvMOkMnJXzE8L6cikFuR4JwyMU5NKofQkWyxJKlTT4fNjmcnibTvklV8oVMrn+g==
  dependencies:
    "@prisma/engines" "5.19.0"
  optionalDependencies:
    fsevents "2.3.3"

pstree.remy@^1.1.8:
  version "1.1.8"
  resolved "https://registry.yarnpkg.com/pstree.remy/-/pstree.remy-1.1.8.tgz#c242224f4a67c21f686839bbdb4ac282b8373d3a"
  integrity sha512-77DZwxQmxKnu3aR542U+X8FypNzbfJ+C5XQDk3uWjWxn6151aIMGthWYRXTqT1E5oJvg+ljaa2OJi+VfvCOQ8w==

readdirp@~3.6.0:
  version "3.6.0"
  resolved "https://registry.yarnpkg.com/readdirp/-/readdirp-3.6.0.tgz#74a370bd857116e245b29cc97340cd431a02a6c7"
  integrity sha512-hOS089on8RduqdbhvQ5Z37A0ESjsqz6qnRcffsMU3495FuTdqSm+7bhJ29JvIOsBDEEnan5DPu9t3To9VRlMzA==
  dependencies:
    picomatch "^2.2.1"

semver@^7.5.3:
  version "7.6.3"
  resolved "https://registry.yarnpkg.com/semver/-/semver-7.6.3.tgz#980f7b5550bc175fb4dc09403085627f9eb33143"
  integrity sha512-oVekP1cKtI+CTDvHWYFUcMtsK/00wmAEfyqKfNdARm8u1wNVhSgaX7A8d4UuIlUI5e84iEwOhs7ZPYRmzU9U6A==

simple-update-notifier@^2.0.0:
  version "2.0.0"
  resolved "https://registry.yarnpkg.com/simple-update-notifier/-/simple-update-notifier-2.0.0.tgz#d70b92bdab7d6d90dfd73931195a30b6e3d7cebb"
  integrity sha512-a2B9Y0KlNXl9u/vsW6sTIu9vGEpfKu2wRV6l1H3XEas/0gUIzGzBoP/IouTcUQbm9JWZLH3COxyn03TYlFax6w==
  dependencies:
    semver "^7.5.3"

streamsearch@^1.1.0:
  version "1.1.0"
  resolved "https://registry.yarnpkg.com/streamsearch/-/streamsearch-1.1.0.tgz#404dd1e2247ca94af554e841a8ef0eaa238da764"
  integrity sha512-Mcc5wHehp9aXz1ax6bZUyY5afg9u2rv5cqQI3mRrYkGC8rW2hM02jWuwjtL++LS5qinSyhj2QfLyNsuc+VsExg==

supports-color@^5.5.0:
  version "5.5.0"
  resolved "https://registry.yarnpkg.com/supports-color/-/supports-color-5.5.0.tgz#e2e69a44ac8772f78a1ec0b35b689df6530efc8f"
  integrity sha512-QjVjwdXIt408MIiAqCX4oUKsgU2EqAGzs2Ppkm4aQYbjm+ZEWEcW4SfFNTr4uMNZma0ey4f5lgLrkB0aX0QMow==
  dependencies:
    has-flag "^3.0.0"

to-regex-range@^5.0.1:
  version "5.0.1"
  resolved "https://registry.yarnpkg.com/to-regex-range/-/to-regex-range-5.0.1.tgz#1648c44aae7c8d988a326018ed72f5b4dd0392e4"
  integrity sha512-65P7iz6X5yEr1cwcgvQxbbIw7Uk3gOy5dIdtZ4rDveLqhrdJP+Li/Hx6tyK0NEb+2GCyneCMJiGqrADCSNk8sQ==
  dependencies:
    is-number "^7.0.0"

touch@^3.1.0:
  version "3.1.1"
  resolved "https://registry.yarnpkg.com/touch/-/touch-3.1.1.tgz#097a23d7b161476435e5c1344a95c0f75b4a5694"
  integrity sha512-r0eojU4bI8MnHr8c5bNo7lJDdI2qXlWWJk6a9EAFG7vbhTjElYhBVS3/miuE0uOuoLdb8Mc/rVfsmm6eo5o9GA==

ts-node@^10.9.2:
  version "10.9.2"
  resolved "https://registry.yarnpkg.com/ts-node/-/ts-node-10.9.2.tgz#70f021c9e185bccdca820e26dc413805c101c71f"
  integrity sha512-f0FFpIdcHgn8zcPSbf1dRevwt047YMnaiJM3u2w2RewrB+fob/zePZcrOyQoLMMO7aBIddLcQIEK5dYjkLnGrQ==
  dependencies:
    "@cspotcode/source-map-support" "^0.8.0"
    "@tsconfig/node10" "^1.0.7"
    "@tsconfig/node12" "^1.0.7"
    "@tsconfig/node14" "^1.0.0"
    "@tsconfig/node16" "^1.0.2"
    acorn "^8.4.1"
    acorn-walk "^8.1.1"
    arg "^4.1.0"
    create-require "^1.1.0"
    diff "^4.0.1"
    make-error "^1.1.1"
    v8-compile-cache-lib "^3.0.1"
    yn "3.1.1"

tslib@^2.4.0, tslib@^2.5.0, tslib@^2.5.2, tslib@^2.6.3:
  version "2.7.0"
  resolved "https://registry.yarnpkg.com/tslib/-/tslib-2.7.0.tgz#d9b40c5c40ab59e8738f297df3087bf1a2690c01"
  integrity sha512-gLXCKdN1/j47AiHiOkJN69hJmcbGTHI0ImLmbYLHykhgeN0jVGola9yVjFgzCUklsZQMW55o+dW7IXv3RCXDzA==

typescript@^5.5.4:
  version "5.5.4"
  resolved "https://registry.yarnpkg.com/typescript/-/typescript-5.5.4.tgz#d9852d6c82bad2d2eda4fd74a5762a8f5909e9ba"
  integrity sha512-Mtq29sKDAEYP7aljRgtPOpTvOfbwRWlS6dPRzwjdE+C0R4brX/GUyhHSecbHMFLNBLcJIPt9nl9yG5TZ1weH+Q==

undefsafe@^2.0.5:
  version "2.0.5"
  resolved "https://registry.yarnpkg.com/undefsafe/-/undefsafe-2.0.5.tgz#38733b9327bdcd226db889fb723a6efd162e6e2c"
  integrity sha512-WxONCrssBM8TSPRqN5EmsjVrsv4A8X12J4ArBiiayv3DyyG3ZlIg6yysuuSYdZsVz3TKcTg2fd//Ujd4CHV1iA==

undici-types@~6.19.2:
  version "6.19.8"
  resolved "https://registry.yarnpkg.com/undici-types/-/undici-types-6.19.8.tgz#35111c9d1437ab83a7cdc0abae2f26d88eda0a02"
  integrity sha512-ve2KP6f/JnbPBFyobGHuerC9g1FYGn/F8n1LWTwNxCEzd6IfqTwUQcNXgEtmmQ6DlRrC1hrSrBnCZPokRrDHjw==

urlpattern-polyfill@^10.0.0:
  version "10.0.0"
  resolved "https://registry.yarnpkg.com/urlpattern-polyfill/-/urlpattern-polyfill-10.0.0.tgz#f0a03a97bfb03cdf33553e5e79a2aadd22cac8ec"
  integrity sha512-H/A06tKD7sS1O1X2SshBVeA5FLycRpjqiBeqGKmBwBDBy28EnRjORxTNe269KSSr5un5qyWi1iL61wLxpd+ZOg==

v8-compile-cache-lib@^3.0.1:
  version "3.0.1"
  resolved "https://registry.yarnpkg.com/v8-compile-cache-lib/-/v8-compile-cache-lib-3.0.1.tgz#6336e8d71965cb3d35a1bbb7868445a7c05264bf"
  integrity sha512-wa7YjyUGfNZngI/vtK0UHAN+lgDCxBPCylVXGp0zu59Fz5aiGtNXaq3DhIov063MorB+VfufLh3JlF2KdTK3xg==

value-or-promise@^1.0.12:
  version "1.0.12"
  resolved "https://registry.yarnpkg.com/value-or-promise/-/value-or-promise-1.0.12.tgz#0e5abfeec70148c78460a849f6b003ea7986f15c"
  integrity sha512-Z6Uz+TYwEqE7ZN50gwn+1LCVo9ZVrpxRPOhOLnncYkY1ZzOYtrX8Fwf/rFktZ8R5mJms6EZf5TqNOMeZmnPq9Q==

ws@^8.18.0:
  version "8.18.0"
  resolved "https://registry.yarnpkg.com/ws/-/ws-8.18.0.tgz#0d7505a6eafe2b0e712d232b42279f53bc289bbc"
  integrity sha512-8VbfWfHLbbwu3+N6OKsOMpBdT4kXPDDB9cJk2bJ6mh9ucxdlnNvH1e+roYkKmN9Nxw2yjz7VzeO9oOz2zJ04Pw==

yn@3.1.1:
  version "3.1.1"
  resolved "https://registry.yarnpkg.com/yn/-/yn-3.1.1.tgz#1e87401a09d767c1d5eab26a6e4c185182d2eb50"
  integrity sha512-Ux4ygGWsu2c7isFWe8Yu1YluJmqVhxqK2cLXNQA5AcC3QfbGNpM7fu0Y8b/z16pXLnFxZYvWhd3fhBY9DLmC6Q==
